
Microsoft Visual Studio Solution File, Format Version 12.00
# Visual Studio Version 17
VisualStudioVersion = 17.11.35327.3
MinimumVisualStudioVersion = 10.0.40219.1
Project("{8BC9CEB8-8B4A-11D0-8D11-00A0C91BC942}") = "GCMC_VS", "GCMC_VS.vcxproj", "{84057FB0-4F47-4E16-9E83-CC40471B3715}"
EndProject
Global
	GlobalSection(SolutionConfigurationPlatforms) = preSolution
		Debug|x64 = Debug|x64
		Debug|x86 = Debug|x86
		Release|x64 = Release|x64
		Release|x86 = Release|x86
	EndGlobalSection
	GlobalSection(ProjectConfigurationPlatforms) = postSolution
		{84057FB0-4F47-4E16-9E83-CC40471B3715}.Debug|x64.ActiveCfg = Debug|x64
		{84057FB0-4F47-4E16-9E83-CC40471B3715}.Debug|x64.Build.0 = Debug|x64
		{84057FB0-4F47-4E16-9E83-CC40471B3715}.Debug|x86.ActiveCfg = Debug|Win32
		{84057FB0-4F47-4E16-9E83-CC40471B3715}.Debug|x86.Build.0 = Debug|Win32
		{84057FB0-4F47-4E16-9E83-CC40471B3715}.Release|x64.ActiveCfg = Release|x64
		{84057FB0-4F47-4E16-9E83-CC40471B3715}.Release|x64.Build.0 = Release|x64
		{84057FB0-4F47-4E16-9E83-CC40471B3715}.Release|x86.ActiveCfg = Release|Win32
		{84057FB0-4F47-4E16-9E83-CC40471B3715}.Release|x86.Build.0 = Release|Win32
	EndGlobalSection
	GlobalSection(SolutionProperties) = preSolution
		HideSolutionNode = FALSE
	EndGlobalSection
	GlobalSection(ExtensibilityGlobals) = postSolution
		SolutionGuid = {F50284D4-E4E4-4197-AB3B-C7ECC67E4BD3}
	EndGlobalSection
EndGlobal
